
Microsoft Visual Studio Solution File, Format Version 12.00
# Visual Studio Version 16
VisualStudioVersion = 16.0.31205.134
MinimumVisualStudioVersion = 10.0.40219.1
Project("{FAE04EC0-301F-11D3-BF4B-00C04F79EFBC}") = "TestDrivenDevelopment", "TestDrivenDevelopment\TestDrivenDevelopment.csproj", "{C76BA884-1619-42D2-AA77-2382F5E1B8BE}"
EndProject
Project("{FAE04EC0-301F-11D3-BF4B-00C04F79EFBC}") = "TestOfTestDrivenDevelopment", "TestOfTestDrivenDevelopment\TestOfTestDrivenDevelopment.csproj", "{B7AAB51F-BFD5-4766-8B3E-930BBB858D95}"
EndProject
Global
	GlobalSection(SolutionConfigurationPlatforms) = preSolution
		Debug|Any CPU = Debug|Any CPU
		Release|Any CPU = Release|Any CPU
	EndGlobalSection
	GlobalSection(ProjectConfigurationPlatforms) = postSolution
		{C76BA884-1619-42D2-AA77-2382F5E1B8BE}.Debug|Any CPU.ActiveCfg = Debug|Any CPU
		{C76BA884-1619-42D2-AA77-2382F5E1B8BE}.Debug|Any CPU.Build.0 = Debug|Any CPU
		{C76BA884-1619-42D2-AA77-2382F5E1B8BE}.Release|Any CPU.ActiveCfg = Release|Any CPU
		{C76BA884-1619-42D2-AA77-2382F5E1B8BE}.Release|Any CPU.Build.0 = Release|Any CPU
		{B7AAB51F-BFD5-4766-8B3E-930BBB858D95}.Debug|Any CPU.ActiveCfg = Debug|Any CPU
		{B7AAB51F-BFD5-4766-8B3E-930BBB858D95}.Debug|Any CPU.Build.0 = Debug|Any CPU
		{B7AAB51F-BFD5-4766-8B3E-930BBB858D95}.Release|Any CPU.ActiveCfg = Release|Any CPU
		{B7AAB51F-BFD5-4766-8B3E-930BBB858D95}.Release|Any CPU.Build.0 = Release|Any CPU
	EndGlobalSection
	GlobalSection(SolutionProperties) = preSolution
		HideSolutionNode = FALSE
	EndGlobalSection
	GlobalSection(ExtensibilityGlobals) = postSolution
		SolutionGuid = {11B85BD2-EC69-4129-92E2-703E4C3E83DB}
	EndGlobalSection
EndGlobal
